
Microsoft Visual Studio Solution File, Format Version 12.00
# Visual Studio Version 16
VisualStudioVersion = 16.0.30225.117
MinimumVisualStudioVersion = 10.0.40219.1
Project("{9A19103F-16F7-4668-BE54-9A1E7A4F7556}") = "E2ShopSolutionWebApp", "E2ShopSolutionWebApp\E2ShopSolutionWebApp.csproj", "{4B59862D-3F9A-4088-B00D-FF4376ACFD6C}"
EndProject
Project("{2150E333-8FDC-42A3-9474-1A3956D46DE8}") = "Solution Items", "Solution Items", "{0E549F59-8020-4D90-91DD-98ECCBDB11BE}"
	ProjectSection(SolutionItems) = preProject
		README.md = README.md
	EndProjectSection
EndProject
Project("{FAE04EC0-301F-11D3-BF4B-00C04F79EFBC}") = "E2ShopSolution.Data", "E2ShopSolution.Data\E2ShopSolution.Data.csproj", "{08D21FCC-8369-4868-B175-B6A0DDB088ED}"
EndProject
Project("{FAE04EC0-301F-11D3-BF4B-00C04F79EFBC}") = "E2ShopSolution.Application", "E2ShopSolution.Application\E2ShopSolution.Application.csproj", "{05351BB6-BF35-405F-8515-0CD8E0F02037}"
EndProject
Global
	GlobalSection(SolutionConfigurationPlatforms) = preSolution
		Debug|Any CPU = Debug|Any CPU
		Release|Any CPU = Release|Any CPU
	EndGlobalSection
	GlobalSection(ProjectConfigurationPlatforms) = postSolution
		{4B59862D-3F9A-4088-B00D-FF4376ACFD6C}.Debug|Any CPU.ActiveCfg = Debug|Any CPU
		{4B59862D-3F9A-4088-B00D-FF4376ACFD6C}.Debug|Any CPU.Build.0 = Debug|Any CPU
		{4B59862D-3F9A-4088-B00D-FF4376ACFD6C}.Release|Any CPU.ActiveCfg = Release|Any CPU
		{4B59862D-3F9A-4088-B00D-FF4376ACFD6C}.Release|Any CPU.Build.0 = Release|Any CPU
		{08D21FCC-8369-4868-B175-B6A0DDB088ED}.Debug|Any CPU.ActiveCfg = Debug|Any CPU
		{08D21FCC-8369-4868-B175-B6A0DDB088ED}.Debug|Any CPU.Build.0 = Debug|Any CPU
		{08D21FCC-8369-4868-B175-B6A0DDB088ED}.Release|Any CPU.ActiveCfg = Release|Any CPU
		{08D21FCC-8369-4868-B175-B6A0DDB088ED}.Release|Any CPU.Build.0 = Release|Any CPU
		{05351BB6-BF35-405F-8515-0CD8E0F02037}.Debug|Any CPU.ActiveCfg = Debug|Any CPU
		{05351BB6-BF35-405F-8515-0CD8E0F02037}.Debug|Any CPU.Build.0 = Debug|Any CPU
		{05351BB6-BF35-405F-8515-0CD8E0F02037}.Release|Any CPU.ActiveCfg = Release|Any CPU
		{05351BB6-BF35-405F-8515-0CD8E0F02037}.Release|Any CPU.Build.0 = Release|Any CPU
	EndGlobalSection
	GlobalSection(SolutionProperties) = preSolution
		HideSolutionNode = FALSE
	EndGlobalSection
	GlobalSection(ExtensibilityGlobals) = postSolution
		SolutionGuid = {D16A27FA-BCFB-43A7-9C6B-EDD4516B3AA3}
	EndGlobalSection
EndGlobal
